
Microsoft Visual Studio Solution File, Format Version 12.00
# Visual Studio Version 16
VisualStudioVersion = 16.0.31424.327
MinimumVisualStudioVersion = 10.0.40219.1
Project("{FAE04EC0-301F-11D3-BF4B-00C04F79EFBC}") = "UkTransmitter.BackEnd", "UkTransmitter.BackEnd\UkTransmitter.BackEnd.csproj", "{EF7AFBED-4B4B-4FC3-9FF9-6D6780EA224E}"
EndProject
Project("{2150E333-8FDC-42A3-9474-1A3956D46DE8}") = "src", "src", "{1B4A68B0-C2E8-4376-84C2-66C5F4D2E88E}"
EndProject
Project("{2150E333-8FDC-42A3-9474-1A3956D46DE8}") = "tests", "tests", "{9DABAB36-369A-431E-B344-DF71B49C706A}"
EndProject
Project("{FAE04EC0-301F-11D3-BF4B-00C04F79EFBC}") = "UkTransmitter.DAL", "UkTransmitter.DAL\UkTransmitter.DAL.csproj", "{C8CE401E-478D-45F8-BE78-2CFD7A559E6E}"
EndProject
Project("{FAE04EC0-301F-11D3-BF4B-00C04F79EFBC}") = "UkTransmitter.DAL.NUnit.IntegrationTests", "UkTransmitter.DAL.NUnit.IntegrationTests\UkTransmitter.DAL.NUnit.IntegrationTests.csproj", "{337917F2-53C7-4935-B6FF-DCF32E780C67}"
EndProject
Project("{FAE04EC0-301F-11D3-BF4B-00C04F79EFBC}") = "UkTransmitter.EmailModule", "UkTransmitter.EmailModule\UkTransmitter.EmailModule.csproj", "{F4486F19-D545-4B40-B8C9-8A20323EB1FA}"
EndProject
Project("{FAE04EC0-301F-11D3-BF4B-00C04F79EFBC}") = "UkTransmitter.Infrastructure", "UkTransmitter.Infrastructure\UkTransmitter.Infrastructure.csproj", "{81C9F97E-3B68-42F7-8040-2D4710203AD8}"
EndProject
Project("{FAE04EC0-301F-11D3-BF4B-00C04F79EFBC}") = "UkTransmitter.LogModule", "UkTransmitter.LogModule\UkTransmitter.LogModule.csproj", "{1D860FA0-574B-4DE7-9929-EB1DA26D7C7C}"
EndProject
Project("{FAE04EC0-301F-11D3-BF4B-00C04F79EFBC}") = "UkTransmitter.SpeechModule", "UkTransmitter.SpeechModule\UkTransmitter.SpeechModule.csproj", "{B83D7098-58E9-4D70-9345-D9EE0C23A7A1}"
EndProject
Project("{FAE04EC0-301F-11D3-BF4B-00C04F79EFBC}") = "UkTransmitter.FileModule", "UkTransmitter.FileModule\UkTransmitter.FileModule.csproj", "{66FB9A78-CAA0-49BB-A377-3D7D348578E7}"
EndProject
Project("{2150E333-8FDC-42A3-9474-1A3956D46DE8}") = "modules", "modules", "{906DBE72-F3B8-4798-8AFD-001F7030ED69}"
EndProject
Project("{FAE04EC0-301F-11D3-BF4B-00C04F79EFBC}") = "UkTransmitter.AuthModule", "UkTransmitter.AuthModule\UkTransmitter.AuthModule.csproj", "{BC22221A-9EEE-42C0-BB75-6958F6863F51}"
EndProject
Project("{FAE04EC0-301F-11D3-BF4B-00C04F79EFBC}") = "UkTransmitter.DIContainer", "UkTransmitter.DIContainer\UkTransmitter.DIContainer.csproj", "{46F7E4C8-4C6C-4A4A-BAE2-C0C710E68626}"
EndProject
Project("{2150E333-8FDC-42A3-9474-1A3956D46DE8}") = "frontend", "frontend", "{9C3C4FA0-9C0F-4C38-9B71-C9C468B41031}"
EndProject
Project("{FAE04EC0-301F-11D3-BF4B-00C04F79EFBC}") = "UkTransmitter.Wpf.FrontEnd", "UkTransmitter.Wpf.FrontEnd\UkTransmitter.Wpf.FrontEnd.csproj", "{DBB40551-E799-4E20-BAA4-BEC972BFB4B9}"
EndProject
Project("{2150E333-8FDC-42A3-9474-1A3956D46DE8}") = "di", "di", "{F880AA1B-E58C-4349-8F19-6885B1C9E65B}"
EndProject
Project("{2150E333-8FDC-42A3-9474-1A3956D46DE8}") = "dal", "dal", "{4C5037DD-E95D-467B-BF63-26C32B4DC373}"
EndProject
Project("{2150E333-8FDC-42A3-9474-1A3956D46DE8}") = "common", "common", "{22675CD2-82A2-44B9-8801-A5D20F57BC07}"
EndProject
Project("{2150E333-8FDC-42A3-9474-1A3956D46DE8}") = "dal", "dal", "{0D326FF5-EF8D-4757-A207-590193FB456D}"
EndProject
Project("{2150E333-8FDC-42A3-9474-1A3956D46DE8}") = "frontend", "frontend", "{38F8FA4A-9662-4563-957D-78B63C1CB578}"
EndProject
Project("{2150E333-8FDC-42A3-9474-1A3956D46DE8}") = "modules", "modules", "{A954210B-3A34-429E-96AC-EEE4B2E16C06}"
EndProject
Global
	GlobalSection(SolutionConfigurationPlatforms) = preSolution
		Debug|Any CPU = Debug|Any CPU
		Release|Any CPU = Release|Any CPU
	EndGlobalSection
	GlobalSection(ProjectConfigurationPlatforms) = postSolution
		{EF7AFBED-4B4B-4FC3-9FF9-6D6780EA224E}.Debug|Any CPU.ActiveCfg = Debug|Any CPU
		{EF7AFBED-4B4B-4FC3-9FF9-6D6780EA224E}.Debug|Any CPU.Build.0 = Debug|Any CPU
		{EF7AFBED-4B4B-4FC3-9FF9-6D6780EA224E}.Release|Any CPU.ActiveCfg = Release|Any CPU
		{EF7AFBED-4B4B-4FC3-9FF9-6D6780EA224E}.Release|Any CPU.Build.0 = Release|Any CPU
		{C8CE401E-478D-45F8-BE78-2CFD7A559E6E}.Debug|Any CPU.ActiveCfg = Debug|Any CPU
		{C8CE401E-478D-45F8-BE78-2CFD7A559E6E}.Debug|Any CPU.Build.0 = Debug|Any CPU
		{C8CE401E-478D-45F8-BE78-2CFD7A559E6E}.Release|Any CPU.ActiveCfg = Release|Any CPU
		{C8CE401E-478D-45F8-BE78-2CFD7A559E6E}.Release|Any CPU.Build.0 = Release|Any CPU
		{337917F2-53C7-4935-B6FF-DCF32E780C67}.Debug|Any CPU.ActiveCfg = Debug|Any CPU
		{337917F2-53C7-4935-B6FF-DCF32E780C67}.Debug|Any CPU.Build.0 = Debug|Any CPU
		{337917F2-53C7-4935-B6FF-DCF32E780C67}.Release|Any CPU.ActiveCfg = Release|Any CPU
		{337917F2-53C7-4935-B6FF-DCF32E780C67}.Release|Any CPU.Build.0 = Release|Any CPU
		{F4486F19-D545-4B40-B8C9-8A20323EB1FA}.Debug|Any CPU.ActiveCfg = Debug|Any CPU
		{F4486F19-D545-4B40-B8C9-8A20323EB1FA}.Debug|Any CPU.Build.0 = Debug|Any CPU
		{F4486F19-D545-4B40-B8C9-8A20323EB1FA}.Release|Any CPU.ActiveCfg = Release|Any CPU
		{F4486F19-D545-4B40-B8C9-8A20323EB1FA}.Release|Any CPU.Build.0 = Release|Any CPU
		{81C9F97E-3B68-42F7-8040-2D4710203AD8}.Debug|Any CPU.ActiveCfg = Debug|Any CPU
		{81C9F97E-3B68-42F7-8040-2D4710203AD8}.Debug|Any CPU.Build.0 = Debug|Any CPU
		{81C9F97E-3B68-42F7-8040-2D4710203AD8}.Release|Any CPU.ActiveCfg = Release|Any CPU
		{81C9F97E-3B68-42F7-8040-2D4710203AD8}.Release|Any CPU.Build.0 = Release|Any CPU
		{1D860FA0-574B-4DE7-9929-EB1DA26D7C7C}.Debug|Any CPU.ActiveCfg = Debug|Any CPU
		{1D860FA0-574B-4DE7-9929-EB1DA26D7C7C}.Debug|Any CPU.Build.0 = Debug|Any CPU
		{1D860FA0-574B-4DE7-9929-EB1DA26D7C7C}.Release|Any CPU.ActiveCfg = Release|Any CPU
		{1D860FA0-574B-4DE7-9929-EB1DA26D7C7C}.Release|Any CPU.Build.0 = Release|Any CPU
		{B83D7098-58E9-4D70-9345-D9EE0C23A7A1}.Debug|Any CPU.ActiveCfg = Debug|Any CPU
		{B83D7098-58E9-4D70-9345-D9EE0C23A7A1}.Debug|Any CPU.Build.0 = Debug|Any CPU
		{B83D7098-58E9-4D70-9345-D9EE0C23A7A1}.Release|Any CPU.ActiveCfg = Release|Any CPU
		{B83D7098-58E9-4D70-9345-D9EE0C23A7A1}.Release|Any CPU.Build.0 = Release|Any CPU
		{66FB9A78-CAA0-49BB-A377-3D7D348578E7}.Debug|Any CPU.ActiveCfg = Debug|Any CPU
		{66FB9A78-CAA0-49BB-A377-3D7D348578E7}.Debug|Any CPU.Build.0 = Debug|Any CPU
		{66FB9A78-CAA0-49BB-A377-3D7D348578E7}.Release|Any CPU.ActiveCfg = Release|Any CPU
		{66FB9A78-CAA0-49BB-A377-3D7D348578E7}.Release|Any CPU.Build.0 = Release|Any CPU
		{BC22221A-9EEE-42C0-BB75-6958F6863F51}.Debug|Any CPU.ActiveCfg = Debug|Any CPU
		{BC22221A-9EEE-42C0-BB75-6958F6863F51}.Debug|Any CPU.Build.0 = Debug|Any CPU
		{BC22221A-9EEE-42C0-BB75-6958F6863F51}.Release|Any CPU.ActiveCfg = Release|Any CPU
		{BC22221A-9EEE-42C0-BB75-6958F6863F51}.Release|Any CPU.Build.0 = Release|Any CPU
		{46F7E4C8-4C6C-4A4A-BAE2-C0C710E68626}.Debug|Any CPU.ActiveCfg = Debug|Any CPU
		{46F7E4C8-4C6C-4A4A-BAE2-C0C710E68626}.Debug|Any CPU.Build.0 = Debug|Any CPU
		{46F7E4C8-4C6C-4A4A-BAE2-C0C710E68626}.Release|Any CPU.ActiveCfg = Release|Any CPU
		{46F7E4C8-4C6C-4A4A-BAE2-C0C710E68626}.Release|Any CPU.Build.0 = Release|Any CPU
		{DBB40551-E799-4E20-BAA4-BEC972BFB4B9}.Debug|Any CPU.ActiveCfg = Debug|Any CPU
		{DBB40551-E799-4E20-BAA4-BEC972BFB4B9}.Debug|Any CPU.Build.0 = Debug|Any CPU
		{DBB40551-E799-4E20-BAA4-BEC972BFB4B9}.Release|Any CPU.ActiveCfg = Release|Any CPU
		{DBB40551-E799-4E20-BAA4-BEC972BFB4B9}.Release|Any CPU.Build.0 = Release|Any CPU
	EndGlobalSection
	GlobalSection(SolutionProperties) = preSolution
		HideSolutionNode = FALSE
	EndGlobalSection
	GlobalSection(NestedProjects) = preSolution
		{EF7AFBED-4B4B-4FC3-9FF9-6D6780EA224E} = {9C3C4FA0-9C0F-4C38-9B71-C9C468B41031}
		{C8CE401E-478D-45F8-BE78-2CFD7A559E6E} = {4C5037DD-E95D-467B-BF63-26C32B4DC373}
		{337917F2-53C7-4935-B6FF-DCF32E780C67} = {0D326FF5-EF8D-4757-A207-590193FB456D}
		{F4486F19-D545-4B40-B8C9-8A20323EB1FA} = {906DBE72-F3B8-4798-8AFD-001F7030ED69}
		{81C9F97E-3B68-42F7-8040-2D4710203AD8} = {22675CD2-82A2-44B9-8801-A5D20F57BC07}
		{1D860FA0-574B-4DE7-9929-EB1DA26D7C7C} = {906DBE72-F3B8-4798-8AFD-001F7030ED69}
		{B83D7098-58E9-4D70-9345-D9EE0C23A7A1} = {906DBE72-F3B8-4798-8AFD-001F7030ED69}
		{66FB9A78-CAA0-49BB-A377-3D7D348578E7} = {906DBE72-F3B8-4798-8AFD-001F7030ED69}
		{906DBE72-F3B8-4798-8AFD-001F7030ED69} = {1B4A68B0-C2E8-4376-84C2-66C5F4D2E88E}
		{BC22221A-9EEE-42C0-BB75-6958F6863F51} = {906DBE72-F3B8-4798-8AFD-001F7030ED69}
		{46F7E4C8-4C6C-4A4A-BAE2-C0C710E68626} = {F880AA1B-E58C-4349-8F19-6885B1C9E65B}
		{9C3C4FA0-9C0F-4C38-9B71-C9C468B41031} = {1B4A68B0-C2E8-4376-84C2-66C5F4D2E88E}
		{DBB40551-E799-4E20-BAA4-BEC972BFB4B9} = {9C3C4FA0-9C0F-4C38-9B71-C9C468B41031}
		{F880AA1B-E58C-4349-8F19-6885B1C9E65B} = {1B4A68B0-C2E8-4376-84C2-66C5F4D2E88E}
		{4C5037DD-E95D-467B-BF63-26C32B4DC373} = {1B4A68B0-C2E8-4376-84C2-66C5F4D2E88E}
		{22675CD2-82A2-44B9-8801-A5D20F57BC07} = {1B4A68B0-C2E8-4376-84C2-66C5F4D2E88E}
		{0D326FF5-EF8D-4757-A207-590193FB456D} = {9DABAB36-369A-431E-B344-DF71B49C706A}
		{38F8FA4A-9662-4563-957D-78B63C1CB578} = {9DABAB36-369A-431E-B344-DF71B49C706A}
		{A954210B-3A34-429E-96AC-EEE4B2E16C06} = {9DABAB36-369A-431E-B344-DF71B49C706A}
	EndGlobalSection
	GlobalSection(ExtensibilityGlobals) = postSolution
		SolutionGuid = {192BCC2E-8384-4D04-9085-02695CC6B552}
	EndGlobalSection
EndGlobal
