
Microsoft Visual Studio Solution File, Format Version 12.00
# Visual Studio Version 16
VisualStudioVersion = 16.0.31424.327
MinimumVisualStudioVersion = 10.0.40219.1
Project("{2150E333-8FDC-42A3-9474-1A3956D46DE8}") = "src", "src", "{1B4A68B0-C2E8-4376-84C2-66C5F4D2E88E}"
EndProject
Project("{2150E333-8FDC-42A3-9474-1A3956D46DE8}") = "tests", "tests", "{9DABAB36-369A-431E-B344-DF71B49C706A}"
EndProject
Project("{2150E333-8FDC-42A3-9474-1A3956D46DE8}") = "Core", "Core", "{60DAA985-E2C8-4B79-B168-903DD341C09E}"
EndProject
Project("{2150E333-8FDC-42A3-9474-1A3956D46DE8}") = "DataAccess", "DataAccess", "{F68F9C59-2247-41E5-B981-7CABE40147EC}"
EndProject
Project("{2150E333-8FDC-42A3-9474-1A3956D46DE8}") = "DI", "DI", "{C2C25AA5-935A-4C12-A6F4-2B7F5BF814E7}"
EndProject
Project("{2150E333-8FDC-42A3-9474-1A3956D46DE8}") = "Frontend", "Frontend", "{F68A92BE-71C2-46BE-A123-E335890470A7}"
EndProject
Project("{2150E333-8FDC-42A3-9474-1A3956D46DE8}") = "Modules", "Modules", "{482DECEB-ADE5-47D5-9369-F26A0A4FA82A}"
EndProject
Project("{2150E333-8FDC-42A3-9474-1A3956D46DE8}") = "Frontend", "Frontend", "{10159531-C859-41FC-9E0D-15ADAD137D03}"
EndProject
Project("{2150E333-8FDC-42A3-9474-1A3956D46DE8}") = "Modules", "Modules", "{FD110612-F113-4BD9-B40E-510AC937471B}"
EndProject
Project("{2150E333-8FDC-42A3-9474-1A3956D46DE8}") = "DataAccess", "DataAccess", "{A3E647CA-E551-4C17-9DCB-53B53143D058}"
EndProject
Project("{FAE04EC0-301F-11D3-BF4B-00C04F79EFBC}") = "UkTransmitter.DIContainer", "src\DI\UkTransmitter.DIContainer\UkTransmitter.DIContainer.csproj", "{46F7E4C8-4C6C-4A4A-BAE2-C0C710E68626}"
EndProject
Project("{FAE04EC0-301F-11D3-BF4B-00C04F79EFBC}") = "UkTransmitter.AuthModule", "src\Modules\UkTransmitter.AuthModule\UkTransmitter.AuthModule.csproj", "{BC22221A-9EEE-42C0-BB75-6958F6863F51}"
EndProject
Project("{FAE04EC0-301F-11D3-BF4B-00C04F79EFBC}") = "UkTransmitter.EmailModule", "src\Modules\UkTransmitter.EmailModule\UkTransmitter.EmailModule.csproj", "{F4486F19-D545-4B40-B8C9-8A20323EB1FA}"
EndProject
Project("{FAE04EC0-301F-11D3-BF4B-00C04F79EFBC}") = "UkTransmitter.FileModule", "src\Modules\UkTransmitter.FileModule\UkTransmitter.FileModule.csproj", "{66FB9A78-CAA0-49BB-A377-3D7D348578E7}"
EndProject
Project("{FAE04EC0-301F-11D3-BF4B-00C04F79EFBC}") = "UkTransmitter.LogModule", "src\Modules\UkTransmitter.LogModule\UkTransmitter.LogModule.csproj", "{1D860FA0-574B-4DE7-9929-EB1DA26D7C7C}"
EndProject
Project("{FAE04EC0-301F-11D3-BF4B-00C04F79EFBC}") = "UkTransmitter.SpeechModule", "src\Modules\UkTransmitter.SpeechModule\UkTransmitter.SpeechModule.csproj", "{B83D7098-58E9-4D70-9345-D9EE0C23A7A1}"
EndProject
Project("{FAE04EC0-301F-11D3-BF4B-00C04F79EFBC}") = "UkTransmitter.Core", "src\Core\UkTransmitter.Core\UkTransmitter.Core.csproj", "{81C9F97E-3B68-42F7-8040-2D4710203AD8}"
EndProject
Project("{FAE04EC0-301F-11D3-BF4B-00C04F79EFBC}") = "UkTransmitter.Wpf.FrontEnd", "src\Frontend\UkTransmitter.Wpf.Front\UkTransmitter.Wpf.FrontEnd.csproj", "{210C8D4B-19DB-4C3F-B4BD-811DDCE7ABE1}"
EndProject
Project("{FAE04EC0-301F-11D3-BF4B-00C04F79EFBC}") = "UkTransmitter.DataAccess", "src\DataAccess\UkTransmitter.DataAccess\UkTransmitter.DataAccess.csproj", "{55481DD9-42DC-49A6-82B0-C3CE9F729763}"
EndProject
Global
	GlobalSection(SolutionConfigurationPlatforms) = preSolution
		Debug|Any CPU = Debug|Any CPU
		Release|Any CPU = Release|Any CPU
	EndGlobalSection
	GlobalSection(ProjectConfigurationPlatforms) = postSolution
		{46F7E4C8-4C6C-4A4A-BAE2-C0C710E68626}.Debug|Any CPU.ActiveCfg = Debug|Any CPU
		{46F7E4C8-4C6C-4A4A-BAE2-C0C710E68626}.Debug|Any CPU.Build.0 = Debug|Any CPU
		{46F7E4C8-4C6C-4A4A-BAE2-C0C710E68626}.Release|Any CPU.ActiveCfg = Release|Any CPU
		{46F7E4C8-4C6C-4A4A-BAE2-C0C710E68626}.Release|Any CPU.Build.0 = Release|Any CPU
		{BC22221A-9EEE-42C0-BB75-6958F6863F51}.Debug|Any CPU.ActiveCfg = Debug|Any CPU
		{BC22221A-9EEE-42C0-BB75-6958F6863F51}.Debug|Any CPU.Build.0 = Debug|Any CPU
		{BC22221A-9EEE-42C0-BB75-6958F6863F51}.Release|Any CPU.ActiveCfg = Release|Any CPU
		{BC22221A-9EEE-42C0-BB75-6958F6863F51}.Release|Any CPU.Build.0 = Release|Any CPU
		{F4486F19-D545-4B40-B8C9-8A20323EB1FA}.Debug|Any CPU.ActiveCfg = Debug|Any CPU
		{F4486F19-D545-4B40-B8C9-8A20323EB1FA}.Debug|Any CPU.Build.0 = Debug|Any CPU
		{F4486F19-D545-4B40-B8C9-8A20323EB1FA}.Release|Any CPU.ActiveCfg = Release|Any CPU
		{F4486F19-D545-4B40-B8C9-8A20323EB1FA}.Release|Any CPU.Build.0 = Release|Any CPU
		{66FB9A78-CAA0-49BB-A377-3D7D348578E7}.Debug|Any CPU.ActiveCfg = Debug|Any CPU
		{66FB9A78-CAA0-49BB-A377-3D7D348578E7}.Debug|Any CPU.Build.0 = Debug|Any CPU
		{66FB9A78-CAA0-49BB-A377-3D7D348578E7}.Release|Any CPU.ActiveCfg = Release|Any CPU
		{66FB9A78-CAA0-49BB-A377-3D7D348578E7}.Release|Any CPU.Build.0 = Release|Any CPU
		{1D860FA0-574B-4DE7-9929-EB1DA26D7C7C}.Debug|Any CPU.ActiveCfg = Debug|Any CPU
		{1D860FA0-574B-4DE7-9929-EB1DA26D7C7C}.Debug|Any CPU.Build.0 = Debug|Any CPU
		{1D860FA0-574B-4DE7-9929-EB1DA26D7C7C}.Release|Any CPU.ActiveCfg = Release|Any CPU
		{1D860FA0-574B-4DE7-9929-EB1DA26D7C7C}.Release|Any CPU.Build.0 = Release|Any CPU
		{B83D7098-58E9-4D70-9345-D9EE0C23A7A1}.Debug|Any CPU.ActiveCfg = Debug|Any CPU
		{B83D7098-58E9-4D70-9345-D9EE0C23A7A1}.Debug|Any CPU.Build.0 = Debug|Any CPU
		{B83D7098-58E9-4D70-9345-D9EE0C23A7A1}.Release|Any CPU.ActiveCfg = Release|Any CPU
		{B83D7098-58E9-4D70-9345-D9EE0C23A7A1}.Release|Any CPU.Build.0 = Release|Any CPU
		{81C9F97E-3B68-42F7-8040-2D4710203AD8}.Debug|Any CPU.ActiveCfg = Debug|Any CPU
		{81C9F97E-3B68-42F7-8040-2D4710203AD8}.Debug|Any CPU.Build.0 = Debug|Any CPU
		{81C9F97E-3B68-42F7-8040-2D4710203AD8}.Release|Any CPU.ActiveCfg = Release|Any CPU
		{81C9F97E-3B68-42F7-8040-2D4710203AD8}.Release|Any CPU.Build.0 = Release|Any CPU
		{210C8D4B-19DB-4C3F-B4BD-811DDCE7ABE1}.Debug|Any CPU.ActiveCfg = Debug|Any CPU
		{210C8D4B-19DB-4C3F-B4BD-811DDCE7ABE1}.Debug|Any CPU.Build.0 = Debug|Any CPU
		{210C8D4B-19DB-4C3F-B4BD-811DDCE7ABE1}.Release|Any CPU.ActiveCfg = Release|Any CPU
		{210C8D4B-19DB-4C3F-B4BD-811DDCE7ABE1}.Release|Any CPU.Build.0 = Release|Any CPU
		{55481DD9-42DC-49A6-82B0-C3CE9F729763}.Debug|Any CPU.ActiveCfg = Debug|Any CPU
		{55481DD9-42DC-49A6-82B0-C3CE9F729763}.Debug|Any CPU.Build.0 = Debug|Any CPU
		{55481DD9-42DC-49A6-82B0-C3CE9F729763}.Release|Any CPU.ActiveCfg = Release|Any CPU
		{55481DD9-42DC-49A6-82B0-C3CE9F729763}.Release|Any CPU.Build.0 = Release|Any CPU
	EndGlobalSection
	GlobalSection(SolutionProperties) = preSolution
		HideSolutionNode = FALSE
	EndGlobalSection
	GlobalSection(NestedProjects) = preSolution
		{60DAA985-E2C8-4B79-B168-903DD341C09E} = {1B4A68B0-C2E8-4376-84C2-66C5F4D2E88E}
		{F68F9C59-2247-41E5-B981-7CABE40147EC} = {1B4A68B0-C2E8-4376-84C2-66C5F4D2E88E}
		{C2C25AA5-935A-4C12-A6F4-2B7F5BF814E7} = {1B4A68B0-C2E8-4376-84C2-66C5F4D2E88E}
		{F68A92BE-71C2-46BE-A123-E335890470A7} = {1B4A68B0-C2E8-4376-84C2-66C5F4D2E88E}
		{482DECEB-ADE5-47D5-9369-F26A0A4FA82A} = {1B4A68B0-C2E8-4376-84C2-66C5F4D2E88E}
		{10159531-C859-41FC-9E0D-15ADAD137D03} = {9DABAB36-369A-431E-B344-DF71B49C706A}
		{FD110612-F113-4BD9-B40E-510AC937471B} = {9DABAB36-369A-431E-B344-DF71B49C706A}
		{A3E647CA-E551-4C17-9DCB-53B53143D058} = {9DABAB36-369A-431E-B344-DF71B49C706A}
		{46F7E4C8-4C6C-4A4A-BAE2-C0C710E68626} = {C2C25AA5-935A-4C12-A6F4-2B7F5BF814E7}
		{BC22221A-9EEE-42C0-BB75-6958F6863F51} = {482DECEB-ADE5-47D5-9369-F26A0A4FA82A}
		{F4486F19-D545-4B40-B8C9-8A20323EB1FA} = {482DECEB-ADE5-47D5-9369-F26A0A4FA82A}
		{66FB9A78-CAA0-49BB-A377-3D7D348578E7} = {482DECEB-ADE5-47D5-9369-F26A0A4FA82A}
		{1D860FA0-574B-4DE7-9929-EB1DA26D7C7C} = {482DECEB-ADE5-47D5-9369-F26A0A4FA82A}
		{B83D7098-58E9-4D70-9345-D9EE0C23A7A1} = {482DECEB-ADE5-47D5-9369-F26A0A4FA82A}
		{81C9F97E-3B68-42F7-8040-2D4710203AD8} = {60DAA985-E2C8-4B79-B168-903DD341C09E}
		{210C8D4B-19DB-4C3F-B4BD-811DDCE7ABE1} = {F68A92BE-71C2-46BE-A123-E335890470A7}
		{55481DD9-42DC-49A6-82B0-C3CE9F729763} = {F68F9C59-2247-41E5-B981-7CABE40147EC}
	EndGlobalSection
	GlobalSection(ExtensibilityGlobals) = postSolution
		SolutionGuid = {192BCC2E-8384-4D04-9085-02695CC6B552}
	EndGlobalSection
EndGlobal
